
Microsoft Visual Studio Solution File, Format Version 12.00
# Visual Studio 15
VisualStudioVersion = 15.0.27703.2042
MinimumVisualStudioVersion = 10.0.40219.1
Project("{FAE04EC0-301F-11D3-BF4B-00C04F79EFBC}") = "SocialMedia", "SocialMedia\SocialMedia.csproj", "{29D0AC53-FC6E-4273-917D-3A35763E1B74}"
EndProject
Global
	GlobalSection(SolutionConfigurationPlatforms) = preSolution
		Debug|Any CPU = Debug|Any CPU
		Release|Any CPU = Release|Any CPU
	EndGlobalSection
	GlobalSection(ProjectConfigurationPlatforms) = postSolution
		{29D0AC53-FC6E-4273-917D-3A35763E1B74}.Debug|Any CPU.ActiveCfg = Debug|Any CPU
		{29D0AC53-FC6E-4273-917D-3A35763E1B74}.Debug|Any CPU.Build.0 = Debug|Any CPU
		{29D0AC53-FC6E-4273-917D-3A35763E1B74}.Release|Any CPU.ActiveCfg = Release|Any CPU
		{29D0AC53-FC6E-4273-917D-3A35763E1B74}.Release|Any CPU.Build.0 = Release|Any CPU
	EndGlobalSection
	GlobalSection(SolutionProperties) = preSolution
		HideSolutionNode = FALSE
	EndGlobalSection
	GlobalSection(ExtensibilityGlobals) = postSolution
		SolutionGuid = {36A42F5B-D06F-4733-B81A-B00F806F0E72}
	EndGlobalSection
EndGlobal
